Microsoft Visual Studio Solution File, Format Version 11.00
# Visual Studio 2008

Project("{1F5A6823-DCB7-545A-572F-D973BCC6D953}") = "CacheMoneyHeroes", "Assembly-CSharp.csproj", "{65DE69B5-5947-DCBB-C8A9-ECC6838A8D57}"
EndProject
Project("{1F5A6823-DCB7-545A-572F-D973BCC6D953}") = "CacheMoneyHeroes", "Assembly-CSharp-Editor.csproj", "{3C9BAEAF-146B-1D1B-94FE-9108225FD0D8}"
EndProject
Global
	GlobalSection(SolutionConfigurationPlatforms) = preSolution
		Debug|Any CPU = Debug|Any CPU
		Release|Any CPU = Release|Any CPU
	EndGlobalSection
	GlobalSection(ProjectConfigurationPlatforms) = postSolution
		{65DE69B5-5947-DCBB-C8A9-ECC6838A8D57}.Debug|Any CPU.ActiveCfg = Debug|Any CPU
		{65DE69B5-5947-DCBB-C8A9-ECC6838A8D57}.Debug|Any CPU.Build.0 = Debug|Any CPU
		{65DE69B5-5947-DCBB-C8A9-ECC6838A8D57}.Release|Any CPU.ActiveCfg = Release|Any CPU
		{65DE69B5-5947-DCBB-C8A9-ECC6838A8D57}.Release|Any CPU.Build.0 = Release|Any CPU
		{3C9BAEAF-146B-1D1B-94FE-9108225FD0D8}.Debug|Any CPU.ActiveCfg = Debug|Any CPU
		{3C9BAEAF-146B-1D1B-94FE-9108225FD0D8}.Debug|Any CPU.Build.0 = Debug|Any CPU
		{3C9BAEAF-146B-1D1B-94FE-9108225FD0D8}.Release|Any CPU.ActiveCfg = Release|Any CPU
		{3C9BAEAF-146B-1D1B-94FE-9108225FD0D8}.Release|Any CPU.Build.0 = Release|Any CPU
	EndGlobalSection
	GlobalSection(SolutionProperties) = preSolution
		HideSolutionNode = FALSE
	EndGlobalSection
	GlobalSection(MonoDevelopProperties) = preSolution
		StartupItem = Assembly-CSharp.csproj
	EndGlobalSection
EndGlobal
